{
	"name": "@ew-did-registry/did-ethr-resolver",
	"version": "0.6.1",
	"lockfileVersion": 1,
	"requires": true,
	"dependencies": {
		"@ethersproject/abi": {
			"version": "5.5.0",
			"resolved": "https://registry.npmjs.org/@ethersproject/abi/-/abi-5.5.0.tgz",
			"integrity": "sha512-loW7I4AohP5KycATvc0MgujU6JyCHPqHdeoo9z3Nr9xEiNioxa65ccdm1+fsoJhkuhdRtfcL8cfyGamz2AxZ5w==",
			"requires": {
				"@ethersproject/address": "^5.5.0",
				"@ethersproject/bignumber": "^5.5.0",
				"@ethersproject/bytes": "^5.5.0",
				"@ethersproject/constants": "^5.5.0",
				"@ethersproject/hash": "^5.5.0",
				"@ethersproject/keccak256": "^5.5.0",
				"@ethersproject/logger": "^5.5.0",
				"@ethersproject/properties": "^5.5.0",
				"@ethersproject/strings": "^5.5.0"
			}
		},
		"@ethersproject/abstract-provider": {
			"version": "5.5.1",
			"resolved": "https://registry.npmjs.org/@ethersproject/abstract-provider/-/abstract-provider-5.5.1.tgz",
			"integrity": "sha512-m+MA/ful6eKbxpr99xUYeRvLkfnlqzrF8SZ46d/xFB1A7ZVknYc/sXJG0RcufF52Qn2jeFj1hhcoQ7IXjNKUqg==",
			"requires": {
				"@ethersproject/bignumber": "^5.5.0",
				"@ethersproject/bytes": "^5.5.0",
				"@ethersproject/logger": "^5.5.0",
				"@ethersproject/networks": "^5.5.0",
				"@ethersproject/properties": "^5.5.0",
				"@ethersproject/transactions": "^5.5.0",
				"@ethersproject/web": "^5.5.0"
			}
		},
		"@ethersproject/abstract-signer": {
			"version": "5.5.0",
			"resolved": "https://registry.npmjs.org/@ethersproject/abstract-signer/-/abstract-signer-5.5.0.tgz",
			"integrity": "sha512-lj//7r250MXVLKI7sVarXAbZXbv9P50lgmJQGr2/is82EwEb8r7HrxsmMqAjTsztMYy7ohrIhGMIml+Gx4D3mA==",
			"requires": {
				"@ethersproject/abstract-provider": "^5.5.0",
				"@ethersproject/bignumber": "^5.5.0",
				"@ethersproject/bytes": "^5.5.0",
				"@ethersproject/logger": "^5.5.0",
				"@ethersproject/properties": "^5.5.0"
			}
		},
		"@ethersproject/address": {
			"version": "5.5.0",
			"resolved": "https://registry.npmjs.org/@ethersproject/address/-/address-5.5.0.tgz",
			"integrity": "sha512-l4Nj0eWlTUh6ro5IbPTgbpT4wRbdH5l8CQf7icF7sb/SI3Nhd9Y9HzhonTSTi6CefI0necIw7LJqQPopPLZyWw==",
			"requires": {
				"@ethersproject/bignumber": "^5.5.0",
				"@ethersproject/bytes": "^5.5.0",
				"@ethersproject/keccak256": "^5.5.0",
				"@ethersproject/logger": "^5.5.0",
				"@ethersproject/rlp": "^5.5.0"
			}
		},
		"@ethersproject/base64": {
			"version": "5.5.0",
			"resolved": "https://registry.npmjs.org/@ethersproject/base64/-/base64-5.5.0.tgz",
			"integrity": "sha512-tdayUKhU1ljrlHzEWbStXazDpsx4eg1dBXUSI6+mHlYklOXoXF6lZvw8tnD6oVaWfnMxAgRSKROg3cVKtCcppA==",
			"requires": {
				"@ethersproject/bytes": "^5.5.0"
			}
		},
		"@ethersproject/basex": {
			"version": "5.5.0",
			"resolved": "https://registry.npmjs.org/@ethersproject/basex/-/basex-5.5.0.tgz",
			"integrity": "sha512-ZIodwhHpVJ0Y3hUCfUucmxKsWQA5TMnavp5j/UOuDdzZWzJlRmuOjcTMIGgHCYuZmHt36BfiSyQPSRskPxbfaQ==",
			"requires": {
				"@ethersproject/bytes": "^5.5.0",
				"@ethersproject/properties": "^5.5.0"
			}
		},
		"@ethersproject/bignumber": {
			"version": "5.5.0",
			"resolved": "https://registry.npmjs.org/@ethersproject/bignumber/-/bignumber-5.5.0.tgz",
			"integrity": "sha512-6Xytlwvy6Rn3U3gKEc1vP7nR92frHkv6wtVr95LFR3jREXiCPzdWxKQ1cx4JGQBXxcguAwjA8murlYN2TSiEbg==",
			"requires": {
				"@ethersproject/bytes": "^5.5.0",
				"@ethersproject/logger": "^5.5.0",
				"bn.js": "^4.11.9"
			}
		},
		"@ethersproject/bytes": {
			"version": "5.5.0",
			"resolved": "https://registry.npmjs.org/@ethersproject/bytes/-/bytes-5.5.0.tgz",
			"integrity": "sha512-ABvc7BHWhZU9PNM/tANm/Qx4ostPGadAuQzWTr3doklZOhDlmcBqclrQe/ZXUIj3K8wC28oYeuRa+A37tX9kog==",
			"requires": {
				"@ethersproject/logger": "^5.5.0"
			}
		},
		"@ethersproject/constants": {
			"version": "5.5.0",
			"resolved": "https://registry.npmjs.org/@ethersproject/constants/-/constants-5.5.0.tgz",
			"integrity": "sha512-2MsRRVChkvMWR+GyMGY4N1sAX9Mt3J9KykCsgUFd/1mwS0UH1qw+Bv9k1UJb3X3YJYFco9H20pjSlOIfCG5HYQ==",
			"requires": {
				"@ethersproject/bignumber": "^5.5.0"
			}
		},
		"@ethersproject/contracts": {
			"version": "5.5.0",
			"resolved": "https://registry.npmjs.org/@ethersproject/contracts/-/contracts-5.5.0.tgz",
			"integrity": "sha512-2viY7NzyvJkh+Ug17v7g3/IJC8HqZBDcOjYARZLdzRxrfGlRgmYgl6xPRKVbEzy1dWKw/iv7chDcS83pg6cLxg==",
			"requires": {
				"@ethersproject/abi": "^5.5.0",
				"@ethersproject/abstract-provider": "^5.5.0",
				"@ethersproject/abstract-signer": "^5.5.0",
				"@ethersproject/address": "^5.5.0",
				"@ethersproject/bignumber": "^5.5.0",
				"@ethersproject/bytes": "^5.5.0",
				"@ethersproject/constants": "^5.5.0",
				"@ethersproject/logger": "^5.5.0",
				"@ethersproject/properties": "^5.5.0",
				"@ethersproject/transactions": "^5.5.0"
			}
		},
		"@ethersproject/hash": {
			"version": "5.5.0",
			"resolved": "https://registry.npmjs.org/@ethersproject/hash/-/hash-5.5.0.tgz",
			"integrity": "sha512-dnGVpK1WtBjmnp3mUT0PlU2MpapnwWI0PibldQEq1408tQBAbZpPidkWoVVuNMOl/lISO3+4hXZWCL3YV7qzfg==",
			"requires": {
				"@ethersproject/abstract-signer": "^5.5.0",
				"@ethersproject/address": "^5.5.0",
				"@ethersproject/bignumber": "^5.5.0",
				"@ethersproject/bytes": "^5.5.0",
				"@ethersproject/keccak256": "^5.5.0",
				"@ethersproject/logger": "^5.5.0",
				"@ethersproject/properties": "^5.5.0",
				"@ethersproject/strings": "^5.5.0"
			}
		},
		"@ethersproject/hdnode": {
			"version": "5.5.0",
			"resolved": "https://registry.npmjs.org/@ethersproject/hdnode/-/hdnode-5.5.0.tgz",
			"integrity": "sha512-mcSOo9zeUg1L0CoJH7zmxwUG5ggQHU1UrRf8jyTYy6HxdZV+r0PBoL1bxr+JHIPXRzS6u/UW4mEn43y0tmyF8Q==",
			"requires": {
				"@ethersproject/abstract-signer": "^5.5.0",
				"@ethersproject/basex": "^5.5.0",
				"@ethersproject/bignumber": "^5.5.0",
				"@ethersproject/bytes": "^5.5.0",
				"@ethersproject/logger": "^5.5.0",
				"@ethersproject/pbkdf2": "^5.5.0",
				"@ethersproject/properties": "^5.5.0",
				"@ethersproject/sha2": "^5.5.0",
				"@ethersproject/signing-key": "^5.5.0",
				"@ethersproject/strings": "^5.5.0",
				"@ethersproject/transactions": "^5.5.0",
				"@ethersproject/wordlists": "^5.5.0"
			}
		},
		"@ethersproject/json-wallets": {
			"version": "5.5.0",
			"resolved": "https://registry.npmjs.org/@ethersproject/json-wallets/-/json-wallets-5.5.0.tgz",
			"integrity": "sha512-9lA21XQnCdcS72xlBn1jfQdj2A1VUxZzOzi9UkNdnokNKke/9Ya2xA9aIK1SC3PQyBDLt4C+dfps7ULpkvKikQ==",
			"requires": {
				"@ethersproject/abstract-signer": "^5.5.0",
				"@ethersproject/address": "^5.5.0",
				"@ethersproject/bytes": "^5.5.0",
				"@ethersproject/hdnode": "^5.5.0",
				"@ethersproject/keccak256": "^5.5.0",
				"@ethersproject/logger": "^5.5.0",
				"@ethersproject/pbkdf2": "^5.5.0",
				"@ethersproject/properties": "^5.5.0",
				"@ethersproject/random": "^5.5.0",
				"@ethersproject/strings": "^5.5.0",
				"@ethersproject/transactions": "^5.5.0",
				"aes-js": "3.0.0",
				"scrypt-js": "3.0.1"
			}
		},
		"@ethersproject/keccak256": {
			"version": "5.5.0",
			"resolved": "https://registry.npmjs.org/@ethersproject/keccak256/-/keccak256-5.5.0.tgz",
			"integrity": "sha512-5VoFCTjo2rYbBe1l2f4mccaRFN/4VQEYFwwn04aJV2h7qf4ZvI2wFxUE1XOX+snbwCLRzIeikOqtAoPwMza9kg==",
			"requires": {
				"@ethersproject/bytes": "^5.5.0",
				"js-sha3": "0.8.0"
			}
		},
		"@ethersproject/logger": {
			"version": "5.5.0",
			"resolved": "https://registry.npmjs.org/@ethersproject/logger/-/logger-5.5.0.tgz",
			"integrity": "sha512-rIY/6WPm7T8n3qS2vuHTUBPdXHl+rGxWxW5okDfo9J4Z0+gRRZT0msvUdIJkE4/HS29GUMziwGaaKO2bWONBrg=="
		},
		"@ethersproject/networks": {
			"version": "5.5.0",
			"resolved": "https://registry.npmjs.org/@ethersproject/networks/-/networks-5.5.0.tgz",
			"integrity": "sha512-KWfP3xOnJeF89Uf/FCJdV1a2aDJe5XTN2N52p4fcQ34QhDqQFkgQKZ39VGtiqUgHcLI8DfT0l9azC3KFTunqtA==",
			"requires": {
				"@ethersproject/logger": "^5.5.0"
			}
		},
		"@ethersproject/pbkdf2": {
			"version": "5.5.0",
			"resolved": "https://registry.npmjs.org/@ethersproject/pbkdf2/-/pbkdf2-5.5.0.tgz",
			"integrity": "sha512-SaDvQFvXPnz1QGpzr6/HToLifftSXGoXrbpZ6BvoZhmx4bNLHrxDe8MZisuecyOziP1aVEwzC2Hasj+86TgWVg==",
			"requires": {
				"@ethersproject/bytes": "^5.5.0",
				"@ethersproject/sha2": "^5.5.0"
			}
		},
		"@ethersproject/properties": {
			"version": "5.5.0",
			"resolved": "https://registry.npmjs.org/@ethersproject/properties/-/properties-5.5.0.tgz",
			"integrity": "sha512-l3zRQg3JkD8EL3CPjNK5g7kMx4qSwiR60/uk5IVjd3oq1MZR5qUg40CNOoEJoX5wc3DyY5bt9EbMk86C7x0DNA==",
			"requires": {
				"@ethersproject/logger": "^5.5.0"
			}
		},
		"@ethersproject/providers": {
			"version": "5.5.0",
			"resolved": "https://registry.npmjs.org/@ethersproject/providers/-/providers-5.5.0.tgz",
			"integrity": "sha512-xqMbDnS/FPy+J/9mBLKddzyLLAQFjrVff5g00efqxPzcAwXiR+SiCGVy6eJ5iAIirBOATjx7QLhDNPGV+AEQsw==",
			"requires": {
				"@ethersproject/abstract-provider": "^5.5.0",
				"@ethersproject/abstract-signer": "^5.5.0",
				"@ethersproject/address": "^5.5.0",
				"@ethersproject/basex": "^5.5.0",
				"@ethersproject/bignumber": "^5.5.0",
				"@ethersproject/bytes": "^5.5.0",
				"@ethersproject/constants": "^5.5.0",
				"@ethersproject/hash": "^5.5.0",
				"@ethersproject/logger": "^5.5.0",
				"@ethersproject/networks": "^5.5.0",
				"@ethersproject/properties": "^5.5.0",
				"@ethersproject/random": "^5.5.0",
				"@ethersproject/rlp": "^5.5.0",
				"@ethersproject/sha2": "^5.5.0",
				"@ethersproject/strings": "^5.5.0",
				"@ethersproject/transactions": "^5.5.0",
				"@ethersproject/web": "^5.5.0",
				"bech32": "1.1.4",
				"ws": "7.4.6"
			}
		},
		"@ethersproject/random": {
			"version": "5.5.0",
			"resolved": "https://registry.npmjs.org/@ethersproject/random/-/random-5.5.0.tgz",
			"integrity": "sha512-egGYZwZ/YIFKMHcoBUo8t3a8Hb/TKYX8BCBoLjudVCZh892welR3jOxgOmb48xznc9bTcMm7Tpwc1gHC1PFNFQ==",
			"requires": {
				"@ethersproject/bytes": "^5.5.0",
				"@ethersproject/logger": "^5.5.0"
			}
		},
		"@ethersproject/rlp": {
			"version": "5.5.0",
			"resolved": "https://registry.npmjs.org/@ethersproject/rlp/-/rlp-5.5.0.tgz",
			"integrity": "sha512-hLv8XaQ8PTI9g2RHoQGf/WSxBfTB/NudRacbzdxmst5VHAqd1sMibWG7SENzT5Dj3yZ3kJYx+WiRYEcQTAkcYA==",
			"requires": {
				"@ethersproject/bytes": "^5.5.0",
				"@ethersproject/logger": "^5.5.0"
			}
		},
		"@ethersproject/sha2": {
			"version": "5.5.0",
			"resolved": "https://registry.npmjs.org/@ethersproject/sha2/-/sha2-5.5.0.tgz",
			"integrity": "sha512-B5UBoglbCiHamRVPLA110J+2uqsifpZaTmid2/7W5rbtYVz6gus6/hSDieIU/6gaKIDcOj12WnOdiymEUHIAOA==",
			"requires": {
				"@ethersproject/bytes": "^5.5.0",
				"@ethersproject/logger": "^5.5.0",
				"hash.js": "1.1.7"
			}
		},
		"@ethersproject/signing-key": {
			"version": "5.5.0",
			"resolved": "https://registry.npmjs.org/@ethersproject/signing-key/-/signing-key-5.5.0.tgz",
			"integrity": "sha512-5VmseH7qjtNmDdZBswavhotYbWB0bOwKIlOTSlX14rKn5c11QmJwGt4GHeo7NrL/Ycl7uo9AHvEqs5xZgFBTng==",
			"requires": {
				"@ethersproject/bytes": "^5.5.0",
				"@ethersproject/logger": "^5.5.0",
				"@ethersproject/properties": "^5.5.0",
				"bn.js": "^4.11.9",
				"elliptic": "6.5.4",
				"hash.js": "1.1.7"
			}
		},
		"@ethersproject/solidity": {
			"version": "5.5.0",
			"resolved": "https://registry.npmjs.org/@ethersproject/solidity/-/solidity-5.5.0.tgz",
			"integrity": "sha512-9NgZs9LhGMj6aCtHXhtmFQ4AN4sth5HuFXVvAQtzmm0jpSCNOTGtrHZJAeYTh7MBjRR8brylWZxBZR9zDStXbw==",
			"requires": {
				"@ethersproject/bignumber": "^5.5.0",
				"@ethersproject/bytes": "^5.5.0",
				"@ethersproject/keccak256": "^5.5.0",
				"@ethersproject/logger": "^5.5.0",
				"@ethersproject/sha2": "^5.5.0",
				"@ethersproject/strings": "^5.5.0"
			}
		},
		"@ethersproject/strings": {
			"version": "5.5.0",
			"resolved": "https://registry.npmjs.org/@ethersproject/strings/-/strings-5.5.0.tgz",
			"integrity": "sha512-9fy3TtF5LrX/wTrBaT8FGE6TDJyVjOvXynXJz5MT5azq+E6D92zuKNx7i29sWW2FjVOaWjAsiZ1ZWznuduTIIQ==",
			"requires": {
				"@ethersproject/bytes": "^5.5.0",
				"@ethersproject/constants": "^5.5.0",
				"@ethersproject/logger": "^5.5.0"
			}
		},
		"@ethersproject/transactions": {
			"version": "5.5.0",
			"resolved": "https://registry.npmjs.org/@ethersproject/transactions/-/transactions-5.5.0.tgz",
			"integrity": "sha512-9RZYSKX26KfzEd/1eqvv8pLauCKzDTub0Ko4LfIgaERvRuwyaNV78mJs7cpIgZaDl6RJui4o49lHwwCM0526zA==",
			"requires": {
				"@ethersproject/address": "^5.5.0",
				"@ethersproject/bignumber": "^5.5.0",
				"@ethersproject/bytes": "^5.5.0",
				"@ethersproject/constants": "^5.5.0",
				"@ethersproject/keccak256": "^5.5.0",
				"@ethersproject/logger": "^5.5.0",
				"@ethersproject/properties": "^5.5.0",
				"@ethersproject/rlp": "^5.5.0",
				"@ethersproject/signing-key": "^5.5.0"
			}
		},
		"@ethersproject/units": {
			"version": "5.5.0",
			"resolved": "https://registry.npmjs.org/@ethersproject/units/-/units-5.5.0.tgz",
			"integrity": "sha512-7+DpjiZk4v6wrikj+TCyWWa9dXLNU73tSTa7n0TSJDxkYbV3Yf1eRh9ToMLlZtuctNYu9RDNNy2USq3AdqSbag==",
			"requires": {
				"@ethersproject/bignumber": "^5.5.0",
				"@ethersproject/constants": "^5.5.0",
				"@ethersproject/logger": "^5.5.0"
			}
		},
		"@ethersproject/wallet": {
			"version": "5.5.0",
			"resolved": "https://registry.npmjs.org/@ethersproject/wallet/-/wallet-5.5.0.tgz",
			"integrity": "sha512-Mlu13hIctSYaZmUOo7r2PhNSd8eaMPVXe1wxrz4w4FCE4tDYBywDH+bAR1Xz2ADyXGwqYMwstzTrtUVIsKDO0Q==",
			"requires": {
				"@ethersproject/abstract-provider": "^5.5.0",
				"@ethersproject/abstract-signer": "^5.5.0",
				"@ethersproject/address": "^5.5.0",
				"@ethersproject/bignumber": "^5.5.0",
				"@ethersproject/bytes": "^5.5.0",
				"@ethersproject/hash": "^5.5.0",
				"@ethersproject/hdnode": "^5.5.0",
				"@ethersproject/json-wallets": "^5.5.0",
				"@ethersproject/keccak256": "^5.5.0",
				"@ethersproject/logger": "^5.5.0",
				"@ethersproject/properties": "^5.5.0",
				"@ethersproject/random": "^5.5.0",
				"@ethersproject/signing-key": "^5.5.0",
				"@ethersproject/transactions": "^5.5.0",
				"@ethersproject/wordlists": "^5.5.0"
			}
		},
		"@ethersproject/web": {
			"version": "5.5.0",
			"resolved": "https://registry.npmjs.org/@ethersproject/web/-/web-5.5.0.tgz",
			"integrity": "sha512-BEgY0eL5oH4mAo37TNYVrFeHsIXLRxggCRG/ksRIxI2X5uj5IsjGmcNiRN/VirQOlBxcUhCgHhaDLG4m6XAVoA==",
			"requires": {
				"@ethersproject/base64": "^5.5.0",
				"@ethersproject/bytes": "^5.5.0",
				"@ethersproject/logger": "^5.5.0",
				"@ethersproject/properties": "^5.5.0",
				"@ethersproject/strings": "^5.5.0"
			}
		},
		"@ethersproject/wordlists": {
			"version": "5.5.0",
			"resolved": "https://registry.npmjs.org/@ethersproject/wordlists/-/wordlists-5.5.0.tgz",
			"integrity": "sha512-bL0UTReWDiaQJJYOC9sh/XcRu/9i2jMrzf8VLRmPKx58ckSlOJiohODkECCO50dtLZHcGU6MLXQ4OOrgBwP77Q==",
			"requires": {
				"@ethersproject/bytes": "^5.5.0",
				"@ethersproject/hash": "^5.5.0",
				"@ethersproject/logger": "^5.5.0",
				"@ethersproject/properties": "^5.5.0",
				"@ethersproject/strings": "^5.5.0"
			}
		},
		"@ew-did-registry/did": {
			"version": "0.6.0",
			"resolved": "https://registry.npmjs.org/@ew-did-registry/did/-/did-0.6.0.tgz",
			"integrity": "sha512-GOvIDdu5giS3I8E+mhOMzHXNu1mq1VXAT3NPchOHslVcI1LVLgtgXIfudoAMleL/XjVhSb18JoPKboGGGzRG8A=="
		},
		"@ew-did-registry/did-resolver-interface": {
			"version": "0.6.0",
			"resolved": "https://registry.npmjs.org/@ew-did-registry/did-resolver-interface/-/did-resolver-interface-0.6.0.tgz",
			"integrity": "sha512-UKmoCW51Y98ddT0mlfCUfEWnM7v1IzFKFFXi2aNvhd6NvmCE91KoaUuEivaYoG4LtT/xIJus18n/EWsTQXZRyA==",
			"requires": {
				"@ew-did-registry/did": "0.6.0",
				"ethers": "^5.4.6"
			}
		},
		"@ew-did-registry/keys": {
			"version": "0.6.0",
			"resolved": "https://registry.npmjs.org/@ew-did-registry/keys/-/keys-0.6.0.tgz",
			"integrity": "sha512-mHO6ao2FnVlazOsbNwdViEtafbMMG0iShxOqqr6dgSRuBwz9lV0I70PYfj6UlHIvYP6T0KwlIbXMx8oZYw/XbQ==",
			"requires": {
				"bn.js": "5.2.0",
				"eciesjs": "^0.3.4",
				"elliptic": "^6.5.2",
				"ethers": "^5.4.6"
			},
			"dependencies": {
				"bn.js": {
					"version": "5.2.0",
					"resolved": "https://registry.npmjs.org/bn.js/-/bn.js-5.2.0.tgz",
					"integrity": "sha512-D7iWRBvnZE8ecXiLj/9wbxH7Tk79fAh8IHaTNq1RWRixsS02W+5qS+iE9yq6RYl0asXx5tw0bLhmT5pIfbSquw=="
				}
			}
		},
		"@sinonjs/commons": {
			"version": "1.8.3",
			"resolved": "https://registry.npmjs.org/@sinonjs/commons/-/commons-1.8.3.tgz",
			"integrity": "sha512-xkNcLAn/wZaX14RPlwizcKicDk9G3F8m2nU3L7Ukm5zBgTwiT0wsoFAHx9Jq56fJA1z/7uKGtCRu16sOUCLIHQ==",
			"dev": true,
			"requires": {
				"type-detect": "4.0.8"
			}
		},
		"@sinonjs/fake-timers": {
			"version": "7.1.2",
			"resolved": "https://registry.npmjs.org/@sinonjs/fake-timers/-/fake-timers-7.1.2.tgz",
			"integrity": "sha512-iQADsW4LBMISqZ6Ci1dupJL9pprqwcVFTcOsEmQOEhW+KLCVn/Y4Jrvg2k19fIHCp+iFprriYPTdRcQR8NbUPg==",
			"dev": true,
			"requires": {
				"@sinonjs/commons": "^1.7.0"
			}
		},
		"@sinonjs/samsam": {
			"version": "6.0.2",
			"resolved": "https://registry.npmjs.org/@sinonjs/samsam/-/samsam-6.0.2.tgz",
			"integrity": "sha512-jxPRPp9n93ci7b8hMfJOFDPRLFYadN6FSpeROFTR4UNF4i5b+EK6m4QXPO46BDhFgRy1JuS87zAnFOzCUwMJcQ==",
			"dev": true,
			"requires": {
				"@sinonjs/commons": "^1.6.0",
				"lodash.get": "^4.4.2",
				"type-detect": "^4.0.8"
			}
		},
		"@sinonjs/text-encoding": {
			"version": "0.7.1",
			"resolved": "https://registry.npmjs.org/@sinonjs/text-encoding/-/text-encoding-0.7.1.tgz",
			"integrity": "sha512-+iTbntw2IZPb/anVDbypzfQa+ay64MW0Zo8aJ8gZPWMMK6/OubMVb6lUPMagqjOPnmtauXnFCACVl3O7ogjeqQ==",
			"dev": true
		},
		"@types/chai": {
			"version": "4.2.22",
			"resolved": "https://registry.npmjs.org/@types/chai/-/chai-4.2.22.tgz",
			"integrity": "sha512-tFfcE+DSTzWAgifkjik9AySNqIyNoYwmR+uecPwwD/XRNfvOjmC/FjCxpiUGDkDVDphPfCUecSQVFw+lN3M3kQ==",
			"dev": true
		},
		"@types/node": {
			"version": "16.11.6",
			"resolved": "https://registry.npmjs.org/@types/node/-/node-16.11.6.tgz",
			"integrity": "sha512-ua7PgUoeQFjmWPcoo9khiPum3Pd60k4/2ZGXt18sm2Slk0W0xZTqt5Y0Ny1NyBiN1EVQ/+FaF9NcY4Qe6rwk5w=="
		},
		"@types/secp256k1": {
			"version": "4.0.3",
			"resolved": "https://registry.npmjs.org/@types/secp256k1/-/secp256k1-4.0.3.tgz",
			"integrity": "sha512-Da66lEIFeIz9ltsdMZcpQvmrmmoqrfju8pm1BH8WbYjZSwUgCwXLb9C+9XYogwBITnbsSaMdVPb2ekf7TV+03w==",
			"requires": {
				"@types/node": "*"
			}
		},
		"@types/sinon": {
			"version": "10.0.6",
			"resolved": "https://registry.npmjs.org/@types/sinon/-/sinon-10.0.6.tgz",
			"integrity": "sha512-6EF+wzMWvBNeGrfP3Nx60hhx+FfwSg1JJBLAAP/IdIUq0EYkqCYf70VT3PhuhPX9eLD+Dp+lNdpb/ZeHG8Yezg==",
			"dev": true,
			"requires": {
				"@sinonjs/fake-timers": "^7.1.0"
			}
		},
		"@types/sinon-chai": {
			"version": "3.2.5",
			"resolved": "https://registry.npmjs.org/@types/sinon-chai/-/sinon-chai-3.2.5.tgz",
			"integrity": "sha512-bKQqIpew7mmIGNRlxW6Zli/QVyc3zikpGzCa797B/tRnD9OtHvZ/ts8sYXV+Ilj9u3QRaUEM8xrjgd1gwm1BpQ==",
			"dev": true,
			"requires": {
				"@types/chai": "*",
				"@types/sinon": "*"
			}
		},
		"aes-js": {
			"version": "3.0.0",
			"resolved": "https://registry.npmjs.org/aes-js/-/aes-js-3.0.0.tgz",
			"integrity": "sha1-4h3xCtbCBTKVvLuNq0Cwnb6ofk0="
		},
		"bech32": {
			"version": "1.1.4",
			"resolved": "https://registry.npmjs.org/bech32/-/bech32-1.1.4.tgz",
			"integrity": "sha512-s0IrSOzLlbvX7yp4WBfPITzpAU8sqQcpsmwXDiKwrG4r491vwCO/XpejasRNl0piBMe/DvP4Tz0mIS/X1DPJBQ=="
		},
		"bn.js": {
			"version": "4.12.0",
			"resolved": "https://registry.npmjs.org/bn.js/-/bn.js-4.12.0.tgz",
			"integrity": "sha512-c98Bf3tPniI+scsdk237ku1Dc3ujXQTSgyiPUDEOe7tRkhrqridvh8klBv0HCEso1OLOYcHuCv/cS6DNxKH+ZA=="
		},
		"brorand": {
			"version": "1.1.0",
			"resolved": "https://registry.npmjs.org/brorand/-/brorand-1.1.0.tgz",
			"integrity": "sha1-EsJe/kCkXjwyPrhnWgoM5XsiNx8="
		},
		"colors": {
			"version": "1.4.0",
			"resolved": "https://registry.npmjs.org/colors/-/colors-1.4.0.tgz",
			"integrity": "sha512-a+UqTh4kgZg/SlGvfbzDHpgRu7AAQOmmqRHJnxhRZICKFUT91brVhNNt58CMWU9PsBbv3PDCZUHbVxuDiH2mtA==",
			"dev": true
		},
		"diff": {
			"version": "5.0.0",
			"resolved": "https://registry.npmjs.org/diff/-/diff-5.0.0.tgz",
			"integrity": "sha512-/VTCrvm5Z0JGty/BWHljh+BAiw3IK+2j87NGMu8Nwc/f48WoDAC395uomO9ZD117ZOBaHmkX1oyLvkVM/aIT3w==",
			"dev": true
		},
		"eciesjs": {
			"version": "0.3.12",
			"resolved": "https://registry.npmjs.org/eciesjs/-/eciesjs-0.3.12.tgz",
			"integrity": "sha512-noYSjSOM9F4CuODD5BNK1qt1uuDU7oSNvj2bssa4ymRL3/iVJt3Wp/w2TN/pXu5PloyYcfWSCEvVJ5jOiIY3Kg==",
			"requires": {
				"@types/secp256k1": "^4.0.2",
				"futoin-hkdf": "^1.3.3",
				"secp256k1": "^4.0.2"
			}
		},
		"elliptic": {
			"version": "6.5.4",
			"resolved": "https://registry.npmjs.org/elliptic/-/elliptic-6.5.4.tgz",
			"integrity": "sha512-iLhC6ULemrljPZb+QutR5TQGB+pdW6KGD5RSegS+8sorOZT+rdQFbsQFJgvN3eRqNALqJer4oQ16YvJHlU8hzQ==",
			"requires": {
				"bn.js": "^4.11.9",
				"brorand": "^1.1.0",
				"hash.js": "^1.0.0",
				"hmac-drbg": "^1.0.1",
				"inherits": "^2.0.4",
				"minimalistic-assert": "^1.0.1",
				"minimalistic-crypto-utils": "^1.0.1"
			}
		},
		"ethers": {
			"version": "5.5.1",
			"resolved": "https://registry.npmjs.org/ethers/-/ethers-5.5.1.tgz",
			"integrity": "sha512-RodEvUFZI+EmFcE6bwkuJqpCYHazdzeR1nMzg+YWQSmQEsNtfl1KHGfp/FWZYl48bI/g7cgBeP2IlPthjiVngw==",
			"requires": {
				"@ethersproject/abi": "5.5.0",
				"@ethersproject/abstract-provider": "5.5.1",
				"@ethersproject/abstract-signer": "5.5.0",
				"@ethersproject/address": "5.5.0",
				"@ethersproject/base64": "5.5.0",
				"@ethersproject/basex": "5.5.0",
				"@ethersproject/bignumber": "5.5.0",
				"@ethersproject/bytes": "5.5.0",
				"@ethersproject/constants": "5.5.0",
				"@ethersproject/contracts": "5.5.0",
				"@ethersproject/hash": "5.5.0",
				"@ethersproject/hdnode": "5.5.0",
				"@ethersproject/json-wallets": "5.5.0",
				"@ethersproject/keccak256": "5.5.0",
				"@ethersproject/logger": "5.5.0",
				"@ethersproject/networks": "5.5.0",
				"@ethersproject/pbkdf2": "5.5.0",
				"@ethersproject/properties": "5.5.0",
				"@ethersproject/providers": "5.5.0",
				"@ethersproject/random": "5.5.0",
				"@ethersproject/rlp": "5.5.0",
				"@ethersproject/sha2": "5.5.0",
				"@ethersproject/signing-key": "5.5.0",
				"@ethersproject/solidity": "5.5.0",
				"@ethersproject/strings": "5.5.0",
				"@ethersproject/transactions": "5.5.0",
				"@ethersproject/units": "5.5.0",
				"@ethersproject/wallet": "5.5.0",
				"@ethersproject/web": "5.5.0",
				"@ethersproject/wordlists": "5.5.0"
			}
		},
		"futoin-hkdf": {
			"version": "1.4.2",
			"resolved": "https://registry.npmjs.org/futoin-hkdf/-/futoin-hkdf-1.4.2.tgz",
			"integrity": "sha512-2BggwLEJOTfXzKq4Tl2bIT37p0IqqKkblH4e0cMp2sXTdmwg/ADBKMxvxaEytYYcgdxgng8+acsi3WgMVUl6CQ=="
		},
		"ganache-cli": {
			"version": "6.12.2",
			"resolved": "https://registry.npmjs.org/ganache-cli/-/ganache-cli-6.12.2.tgz",
			"integrity": "sha512-bnmwnJDBDsOWBUP8E/BExWf85TsdDEFelQSzihSJm9VChVO1SHp94YXLP5BlA4j/OTxp0wR4R1Tje9OHOuAJVw==",
			"dev": true,
			"requires": {
				"ethereumjs-util": "6.2.1",
				"source-map-support": "0.5.12",
				"yargs": "13.2.4"
			},
			"dependencies": {
				"@types/bn.js": {
					"version": "4.11.6",
					"bundled": true,
					"dev": true,
					"requires": {
						"@types/node": "*"
					}
				},
				"@types/node": {
					"version": "14.11.2",
					"bundled": true,
					"dev": true
				},
				"@types/pbkdf2": {
					"version": "3.1.0",
					"bundled": true,
					"dev": true,
					"requires": {
						"@types/node": "*"
					}
				},
				"@types/secp256k1": {
					"version": "4.0.1",
					"bundled": true,
					"dev": true,
					"requires": {
						"@types/node": "*"
					}
				},
				"ansi-regex": {
					"version": "4.1.0",
					"bundled": true,
					"dev": true
				},
				"ansi-styles": {
					"version": "3.2.1",
					"bundled": true,
					"dev": true,
					"requires": {
						"color-convert": "^1.9.0"
					}
				},
				"base-x": {
					"version": "3.0.8",
					"bundled": true,
					"dev": true,
					"requires": {
						"safe-buffer": "^5.0.1"
					}
				},
				"blakejs": {
					"version": "1.1.0",
					"bundled": true,
					"dev": true
				},
				"bn.js": {
					"version": "4.11.9",
					"bundled": true,
					"dev": true
				},
				"brorand": {
					"version": "1.1.0",
					"bundled": true,
					"dev": true
				},
				"browserify-aes": {
					"version": "1.2.0",
					"bundled": true,
					"dev": true,
					"requires": {
						"buffer-xor": "^1.0.3",
						"cipher-base": "^1.0.0",
						"create-hash": "^1.1.0",
						"evp_bytestokey": "^1.0.3",
						"inherits": "^2.0.1",
						"safe-buffer": "^5.0.1"
					}
				},
				"bs58": {
					"version": "4.0.1",
					"bundled": true,
					"dev": true,
					"requires": {
						"base-x": "^3.0.2"
					}
				},
				"bs58check": {
					"version": "2.1.2",
					"bundled": true,
					"dev": true,
					"requires": {
						"bs58": "^4.0.0",
						"create-hash": "^1.1.0",
						"safe-buffer": "^5.1.2"
					}
				},
				"buffer-from": {
					"version": "1.1.1",
					"bundled": true,
					"dev": true
				},
				"buffer-xor": {
					"version": "1.0.3",
					"bundled": true,
					"dev": true
				},
				"camelcase": {
					"version": "5.3.1",
					"bundled": true,
					"dev": true
				},
				"cipher-base": {
					"version": "1.0.4",
					"bundled": true,
					"dev": true,
					"requires": {
						"inherits": "^2.0.1",
						"safe-buffer": "^5.0.1"
					}
				},
				"cliui": {
					"version": "5.0.0",
					"bundled": true,
					"dev": true,
					"requires": {
						"string-width": "^3.1.0",
						"strip-ansi": "^5.2.0",
						"wrap-ansi": "^5.1.0"
					}
				},
				"color-convert": {
					"version": "1.9.3",
					"bundled": true,
					"dev": true,
					"requires": {
						"color-name": "1.1.3"
					}
				},
				"color-name": {
					"version": "1.1.3",
					"bundled": true,
					"dev": true
				},
				"create-hash": {
					"version": "1.2.0",
					"bundled": true,
					"dev": true,
					"requires": {
						"cipher-base": "^1.0.1",
						"inherits": "^2.0.1",
						"md5.js": "^1.3.4",
						"ripemd160": "^2.0.1",
						"sha.js": "^2.4.0"
					}
				},
				"create-hmac": {
					"version": "1.1.7",
					"bundled": true,
					"dev": true,
					"requires": {
						"cipher-base": "^1.0.3",
						"create-hash": "^1.1.0",
						"inherits": "^2.0.1",
						"ripemd160": "^2.0.0",
						"safe-buffer": "^5.0.1",
						"sha.js": "^2.4.8"
					}
				},
				"cross-spawn": {
					"version": "6.0.5",
					"bundled": true,
					"dev": true,
					"requires": {
						"nice-try": "^1.0.4",
						"path-key": "^2.0.1",
						"semver": "^5.5.0",
						"shebang-command": "^1.2.0",
						"which": "^1.2.9"
					}
				},
				"decamelize": {
					"version": "1.2.0",
					"bundled": true,
					"dev": true
				},
				"elliptic": {
					"version": "6.5.3",
					"bundled": true,
					"dev": true,
					"requires": {
						"bn.js": "^4.4.0",
						"brorand": "^1.0.1",
						"hash.js": "^1.0.0",
						"hmac-drbg": "^1.0.0",
						"inherits": "^2.0.1",
						"minimalistic-assert": "^1.0.0",
						"minimalistic-crypto-utils": "^1.0.0"
					}
				},
				"emoji-regex": {
					"version": "7.0.3",
					"bundled": true,
					"dev": true
				},
				"end-of-stream": {
					"version": "1.4.4",
					"bundled": true,
					"dev": true,
					"requires": {
						"once": "^1.4.0"
					}
				},
				"ethereum-cryptography": {
					"version": "0.1.3",
					"bundled": true,
					"dev": true,
					"requires": {
						"@types/pbkdf2": "^3.0.0",
						"@types/secp256k1": "^4.0.1",
						"blakejs": "^1.1.0",
						"browserify-aes": "^1.2.0",
						"bs58check": "^2.1.2",
						"create-hash": "^1.2.0",
						"create-hmac": "^1.1.7",
						"hash.js": "^1.1.7",
						"keccak": "^3.0.0",
						"pbkdf2": "^3.0.17",
						"randombytes": "^2.1.0",
						"safe-buffer": "^5.1.2",
						"scrypt-js": "^3.0.0",
						"secp256k1": "^4.0.1",
						"setimmediate": "^1.0.5"
					}
				},
				"ethereumjs-util": {
					"version": "6.2.1",
					"bundled": true,
					"dev": true,
					"requires": {
						"@types/bn.js": "^4.11.3",
						"bn.js": "^4.11.0",
						"create-hash": "^1.1.2",
						"elliptic": "^6.5.2",
						"ethereum-cryptography": "^0.1.3",
						"ethjs-util": "0.1.6",
						"rlp": "^2.2.3"
					}
				},
				"ethjs-util": {
					"version": "0.1.6",
					"bundled": true,
					"dev": true,
					"requires": {
						"is-hex-prefixed": "1.0.0",
						"strip-hex-prefix": "1.0.0"
					}
				},
				"evp_bytestokey": {
					"version": "1.0.3",
					"bundled": true,
					"dev": true,
					"requires": {
						"md5.js": "^1.3.4",
						"safe-buffer": "^5.1.1"
					}
				},
				"execa": {
					"version": "1.0.0",
					"bundled": true,
					"dev": true,
					"requires": {
						"cross-spawn": "^6.0.0",
						"get-stream": "^4.0.0",
						"is-stream": "^1.1.0",
						"npm-run-path": "^2.0.0",
						"p-finally": "^1.0.0",
						"signal-exit": "^3.0.0",
						"strip-eof": "^1.0.0"
					}
				},
				"find-up": {
					"version": "3.0.0",
					"bundled": true,
					"dev": true,
					"requires": {
						"locate-path": "^3.0.0"
					}
				},
				"get-caller-file": {
					"version": "2.0.5",
					"bundled": true,
					"dev": true
				},
				"get-stream": {
					"version": "4.1.0",
					"bundled": true,
					"dev": true,
					"requires": {
						"pump": "^3.0.0"
					}
				},
				"hash-base": {
					"version": "3.1.0",
					"bundled": true,
					"dev": true,
					"requires": {
						"inherits": "^2.0.4",
						"readable-stream": "^3.6.0",
						"safe-buffer": "^5.2.0"
					}
				},
				"hash.js": {
					"version": "1.1.7",
					"bundled": true,
					"dev": true,
					"requires": {
						"inherits": "^2.0.3",
						"minimalistic-assert": "^1.0.1"
					}
				},
				"hmac-drbg": {
					"version": "1.0.1",
					"bundled": true,
					"dev": true,
					"requires": {
						"hash.js": "^1.0.3",
						"minimalistic-assert": "^1.0.0",
						"minimalistic-crypto-utils": "^1.0.1"
					}
				},
				"inherits": {
					"version": "2.0.4",
					"bundled": true,
					"dev": true
				},
				"invert-kv": {
					"version": "2.0.0",
					"bundled": true,
					"dev": true
				},
				"is-fullwidth-code-point": {
					"version": "2.0.0",
					"bundled": true,
					"dev": true
				},
				"is-hex-prefixed": {
					"version": "1.0.0",
					"bundled": true,
					"dev": true
				},
				"is-stream": {
					"version": "1.1.0",
					"bundled": true,
					"dev": true
				},
				"isexe": {
					"version": "2.0.0",
					"bundled": true,
					"dev": true
				},
				"keccak": {
					"version": "3.0.1",
					"bundled": true,
					"dev": true,
					"requires": {
						"node-addon-api": "^2.0.0",
						"node-gyp-build": "^4.2.0"
					}
				},
				"lcid": {
					"version": "2.0.0",
					"bundled": true,
					"dev": true,
					"requires": {
						"invert-kv": "^2.0.0"
					}
				},
				"locate-path": {
					"version": "3.0.0",
					"bundled": true,
					"dev": true,
					"requires": {
						"p-locate": "^3.0.0",
						"path-exists": "^3.0.0"
					}
				},
				"map-age-cleaner": {
					"version": "0.1.3",
					"bundled": true,
					"dev": true,
					"requires": {
						"p-defer": "^1.0.0"
					}
				},
				"md5.js": {
					"version": "1.3.5",
					"bundled": true,
					"dev": true,
					"requires": {
						"hash-base": "^3.0.0",
						"inherits": "^2.0.1",
						"safe-buffer": "^5.1.2"
					}
				},
				"mem": {
					"version": "4.3.0",
					"bundled": true,
					"dev": true,
					"requires": {
						"map-age-cleaner": "^0.1.1",
						"mimic-fn": "^2.0.0",
						"p-is-promise": "^2.0.0"
					}
				},
				"mimic-fn": {
					"version": "2.1.0",
					"bundled": true,
					"dev": true
				},
				"minimalistic-assert": {
					"version": "1.0.1",
					"bundled": true,
					"dev": true
				},
				"minimalistic-crypto-utils": {
					"version": "1.0.1",
					"bundled": true,
					"dev": true
				},
				"nice-try": {
					"version": "1.0.5",
					"bundled": true,
					"dev": true
				},
				"node-addon-api": {
					"version": "2.0.2",
					"bundled": true,
					"dev": true
				},
				"node-gyp-build": {
					"version": "4.2.3",
					"bundled": true,
					"dev": true
				},
				"npm-run-path": {
					"version": "2.0.2",
					"bundled": true,
					"dev": true,
					"requires": {
						"path-key": "^2.0.0"
					}
				},
				"once": {
					"version": "1.4.0",
					"bundled": true,
					"dev": true,
					"requires": {
						"wrappy": "1"
					}
				},
				"os-locale": {
					"version": "3.1.0",
					"bundled": true,
					"dev": true,
					"requires": {
						"execa": "^1.0.0",
						"lcid": "^2.0.0",
						"mem": "^4.0.0"
					}
				},
				"p-defer": {
					"version": "1.0.0",
					"bundled": true,
					"dev": true
				},
				"p-finally": {
					"version": "1.0.0",
					"bundled": true,
					"dev": true
				},
				"p-is-promise": {
					"version": "2.1.0",
					"bundled": true,
					"dev": true
				},
				"p-limit": {
					"version": "2.3.0",
					"bundled": true,
					"dev": true,
					"requires": {
						"p-try": "^2.0.0"
					}
				},
				"p-locate": {
					"version": "3.0.0",
					"bundled": true,
					"dev": true,
					"requires": {
						"p-limit": "^2.0.0"
					}
				},
				"p-try": {
					"version": "2.2.0",
					"bundled": true,
					"dev": true
				},
				"path-exists": {
					"version": "3.0.0",
					"bundled": true,
					"dev": true
				},
				"path-key": {
					"version": "2.0.1",
					"bundled": true,
					"dev": true
				},
				"pbkdf2": {
					"version": "3.1.1",
					"bundled": true,
					"dev": true,
					"requires": {
						"create-hash": "^1.1.2",
						"create-hmac": "^1.1.4",
						"ripemd160": "^2.0.1",
						"safe-buffer": "^5.0.1",
						"sha.js": "^2.4.8"
					}
				},
				"pump": {
					"version": "3.0.0",
					"bundled": true,
					"dev": true,
					"requires": {
						"end-of-stream": "^1.1.0",
						"once": "^1.3.1"
					}
				},
				"randombytes": {
					"version": "2.1.0",
					"bundled": true,
					"dev": true,
					"requires": {
						"safe-buffer": "^5.1.0"
					}
				},
				"readable-stream": {
					"version": "3.6.0",
					"bundled": true,
					"dev": true,
					"requires": {
						"inherits": "^2.0.3",
						"string_decoder": "^1.1.1",
						"util-deprecate": "^1.0.1"
					}
				},
				"require-directory": {
					"version": "2.1.1",
					"bundled": true,
					"dev": true
				},
				"require-main-filename": {
					"version": "2.0.0",
					"bundled": true,
					"dev": true
				},
				"ripemd160": {
					"version": "2.0.2",
					"bundled": true,
					"dev": true,
					"requires": {
						"hash-base": "^3.0.0",
						"inherits": "^2.0.1"
					}
				},
				"rlp": {
					"version": "2.2.6",
					"bundled": true,
					"dev": true,
					"requires": {
						"bn.js": "^4.11.1"
					}
				},
				"safe-buffer": {
					"version": "5.2.1",
					"bundled": true,
					"dev": true
				},
				"scrypt-js": {
					"version": "3.0.1",
					"bundled": true,
					"dev": true
				},
				"secp256k1": {
					"version": "4.0.2",
					"bundled": true,
					"dev": true,
					"requires": {
						"elliptic": "^6.5.2",
						"node-addon-api": "^2.0.0",
						"node-gyp-build": "^4.2.0"
					}
				},
				"semver": {
					"version": "5.7.1",
					"bundled": true,
					"dev": true
				},
				"set-blocking": {
					"version": "2.0.0",
					"bundled": true,
					"dev": true
				},
				"setimmediate": {
					"version": "1.0.5",
					"bundled": true,
					"dev": true
				},
				"sha.js": {
					"version": "2.4.11",
					"bundled": true,
					"dev": true,
					"requires": {
						"inherits": "^2.0.1",
						"safe-buffer": "^5.0.1"
					}
				},
				"shebang-command": {
					"version": "1.2.0",
					"bundled": true,
					"dev": true,
					"requires": {
						"shebang-regex": "^1.0.0"
					}
				},
				"shebang-regex": {
					"version": "1.0.0",
					"bundled": true,
					"dev": true
				},
				"signal-exit": {
					"version": "3.0.3",
					"bundled": true,
					"dev": true
				},
				"source-map": {
					"version": "0.6.1",
					"bundled": true,
					"dev": true
				},
				"source-map-support": {
					"version": "0.5.12",
					"bundled": true,
					"dev": true,
					"requires": {
						"buffer-from": "^1.0.0",
						"source-map": "^0.6.0"
					}
				},
				"string-width": {
					"version": "3.1.0",
					"bundled": true,
					"dev": true,
					"requires": {
						"emoji-regex": "^7.0.1",
						"is-fullwidth-code-point": "^2.0.0",
						"strip-ansi": "^5.1.0"
					}
				},
				"string_decoder": {
					"version": "1.3.0",
					"bundled": true,
					"dev": true,
					"requires": {
						"safe-buffer": "~5.2.0"
					}
				},
				"strip-ansi": {
					"version": "5.2.0",
					"bundled": true,
					"dev": true,
					"requires": {
						"ansi-regex": "^4.1.0"
					}
				},
				"strip-eof": {
					"version": "1.0.0",
					"bundled": true,
					"dev": true
				},
				"strip-hex-prefix": {
					"version": "1.0.0",
					"bundled": true,
					"dev": true,
					"requires": {
						"is-hex-prefixed": "1.0.0"
					}
				},
				"util-deprecate": {
					"version": "1.0.2",
					"bundled": true,
					"dev": true
				},
				"which": {
					"version": "1.3.1",
					"bundled": true,
					"dev": true,
					"requires": {
						"isexe": "^2.0.0"
					}
				},
				"which-module": {
					"version": "2.0.0",
					"bundled": true,
					"dev": true
				},
				"wrap-ansi": {
					"version": "5.1.0",
					"bundled": true,
					"dev": true,
					"requires": {
						"ansi-styles": "^3.2.0",
						"string-width": "^3.0.0",
						"strip-ansi": "^5.0.0"
					}
				},
				"wrappy": {
					"version": "1.0.2",
					"bundled": true,
					"dev": true
				},
				"y18n": {
					"version": "4.0.0",
					"bundled": true,
					"dev": true
				},
				"yargs": {
					"version": "13.2.4",
					"bundled": true,
					"dev": true,
					"requires": {
						"cliui": "^5.0.0",
						"find-up": "^3.0.0",
						"get-caller-file": "^2.0.1",
						"os-locale": "^3.1.0",
						"require-directory": "^2.1.1",
						"require-main-filename": "^2.0.0",
						"set-blocking": "^2.0.0",
						"string-width": "^3.0.0",
						"which-module": "^2.0.0",
						"y18n": "^4.0.0",
						"yargs-parser": "^13.1.0"
					}
				},
				"yargs-parser": {
					"version": "13.1.2",
					"bundled": true,
					"dev": true,
					"requires": {
						"camelcase": "^5.0.0",
						"decamelize": "^1.2.0"
					}
				}
			}
		},
		"has-flag": {
			"version": "4.0.0",
			"resolved": "https://registry.npmjs.org/has-flag/-/has-flag-4.0.0.tgz",
			"integrity": "sha512-EykJT/Q1KjTWctppgIAgfSO0tKVuZUjhgMr17kqTumMl6Afv3EISleU7qZUzoXDFTAHTDC4NOoG/ZxU3EvlMPQ==",
			"dev": true
		},
		"hash.js": {
			"version": "1.1.7",
			"resolved": "https://registry.npmjs.org/hash.js/-/hash.js-1.1.7.tgz",
			"integrity": "sha512-taOaskGt4z4SOANNseOviYDvjEJinIkRgmp7LbKP2YTTmVxWBl87s/uzK9r+44BclBSp2X7K1hqeNfz9JbBeXA==",
			"requires": {
				"inherits": "^2.0.3",
				"minimalistic-assert": "^1.0.1"
			}
		},
		"hmac-drbg": {
			"version": "1.0.1",
			"resolved": "https://registry.npmjs.org/hmac-drbg/-/hmac-drbg-1.0.1.tgz",
			"integrity": "sha1-0nRXAQJabHdabFRXk+1QL8DGSaE=",
			"requires": {
				"hash.js": "^1.0.3",
				"minimalistic-assert": "^1.0.0",
				"minimalistic-crypto-utils": "^1.0.1"
			}
		},
		"inherits": {
			"version": "2.0.4",
			"resolved": "https://registry.npmjs.org/inherits/-/inherits-2.0.4.tgz",
			"integrity": "sha512-k/vGaX4/Yla3WzyMCvTQOXYeIHvqOKtnqBduzTHpzpQZzAskKMhZ2K+EnBiSM9zGSoIFeMpXKxa4dYeZIQqewQ=="
		},
		"isarray": {
			"version": "0.0.1",
			"resolved": "https://registry.npmjs.org/isarray/-/isarray-0.0.1.tgz",
			"integrity": "sha1-ihis/Kmo9Bd+Cav8YDiTmwXR7t8=",
			"dev": true
		},
		"js-sha3": {
			"version": "0.8.0",
			"resolved": "https://registry.npmjs.org/js-sha3/-/js-sha3-0.8.0.tgz",
			"integrity": "sha512-gF1cRrHhIzNfToc802P800N8PpXS+evLLXfsVpowqmAFR9uwbi89WvXg2QspOmXL8QL86J4T1EpFu+yUkwJY3Q=="
		},
		"just-extend": {
			"version": "4.2.1",
			"resolved": "https://registry.npmjs.org/just-extend/-/just-extend-4.2.1.tgz",
			"integrity": "sha512-g3UB796vUFIY90VIv/WX3L2c8CS2MdWUww3CNrYmqza1Fg0DURc2K/O4YrnklBdQarSJ/y8JnJYDGc+1iumQjg==",
			"dev": true
		},
		"lodash.get": {
			"version": "4.4.2",
			"resolved": "https://registry.npmjs.org/lodash.get/-/lodash.get-4.4.2.tgz",
			"integrity": "sha1-LRd/ZS+jHpObRDjVNBSZ36OCXpk=",
			"dev": true
		},
		"minimalistic-assert": {
			"version": "1.0.1",
			"resolved": "https://registry.npmjs.org/minimalistic-assert/-/minimalistic-assert-1.0.1.tgz",
			"integrity": "sha512-UtJcAD4yEaGtjPezWuO9wC4nwUnVH/8/Im3yEHQP4b67cXlD/Qr9hdITCU1xDbSEXg2XKNaP8jsReV7vQd00/A=="
		},
		"minimalistic-crypto-utils": {
			"version": "1.0.1",
			"resolved": "https://registry.npmjs.org/minimalistic-crypto-utils/-/minimalistic-crypto-utils-1.0.1.tgz",
			"integrity": "sha1-9sAMHAsIIkblxNmd+4x8CDsrWCo="
		},
		"nise": {
			"version": "5.1.0",
			"resolved": "https://registry.npmjs.org/nise/-/nise-5.1.0.tgz",
			"integrity": "sha512-W5WlHu+wvo3PaKLsJJkgPup2LrsXCcm7AWwyNZkUnn5rwPkuPBi3Iwk5SQtN0mv+K65k7nKKjwNQ30wg3wLAQQ==",
			"dev": true,
			"requires": {
				"@sinonjs/commons": "^1.7.0",
				"@sinonjs/fake-timers": "^7.0.4",
				"@sinonjs/text-encoding": "^0.7.1",
				"just-extend": "^4.0.2",
				"path-to-regexp": "^1.7.0"
			}
		},
		"node-addon-api": {
			"version": "2.0.2",
			"resolved": "https://registry.npmjs.org/node-addon-api/-/node-addon-api-2.0.2.tgz",
			"integrity": "sha512-Ntyt4AIXyaLIuMHF6IOoTakB3K+RWxwtsHNRxllEoA6vPwP9o4866g6YWDLUdnucilZhmkxiHwHr11gAENw+QA=="
		},
		"node-gyp-build": {
			"version": "4.3.0",
			"resolved": "https://registry.npmjs.org/node-gyp-build/-/node-gyp-build-4.3.0.tgz",
			"integrity": "sha512-iWjXZvmboq0ja1pUGULQBexmxq8CV4xBhX7VDOTbL7ZR4FOowwY/VOtRxBN/yKxmdGoIp4j5ysNT4u3S2pDQ3Q=="
		},
		"path-to-regexp": {
			"version": "1.8.0",
			"resolved": "https://registry.npmjs.org/path-to-regexp/-/path-to-regexp-1.8.0.tgz",
			"integrity": "sha512-n43JRhlUKUAlibEJhPeir1ncUID16QnEjNpwzNdO3Lm4ywrBpBZ5oLD0I6br9evr1Y9JTqwRtAh7JLoOzAQdVA==",
			"dev": true,
			"requires": {
				"isarray": "0.0.1"
			}
		},
		"run-with-testrpc": {
			"version": "0.3.1",
			"resolved": "https://registry.npmjs.org/run-with-testrpc/-/run-with-testrpc-0.3.1.tgz",
			"integrity": "sha512-+G9L7oMhLNXStmXGSjWtWxu7QVTJROJq3P1vruH01FaRtDiKIuvgqs9aZ3eJoTkfjg6UoOPxg/kwgYZlwKIvoQ==",
			"dev": true,
			"requires": {
				"colors": "^1.1.2",
				"ganache-cli": "^6.4.2"
			}
		},
		"scrypt-js": {
			"version": "3.0.1",
			"resolved": "https://registry.npmjs.org/scrypt-js/-/scrypt-js-3.0.1.tgz",
			"integrity": "sha512-cdwTTnqPu0Hyvf5in5asVdZocVDTNRmR7XEcJuIzMjJeSHybHl7vpB66AzwTaIg6CLSbtjcxc8fqcySfnTkccA=="
		},
		"secp256k1": {
			"version": "4.0.2",
			"resolved": "https://registry.npmjs.org/secp256k1/-/secp256k1-4.0.2.tgz",
			"integrity": "sha512-UDar4sKvWAksIlfX3xIaQReADn+WFnHvbVujpcbr+9Sf/69odMwy2MUsz5CKLQgX9nsIyrjuxL2imVyoNHa3fg==",
			"requires": {
				"elliptic": "^6.5.2",
				"node-addon-api": "^2.0.0",
				"node-gyp-build": "^4.2.0"
			}
		},
		"sinon": {
			"version": "11.1.2",
			"resolved": "https://registry.npmjs.org/sinon/-/sinon-11.1.2.tgz",
			"integrity": "sha512-59237HChms4kg7/sXhiRcUzdSkKuydDeTiamT/jesUVHshBgL8XAmhgFo0GfK6RruMDM/iRSij1EybmMog9cJw==",
			"dev": true,
			"requires": {
				"@sinonjs/commons": "^1.8.3",
				"@sinonjs/fake-timers": "^7.1.2",
				"@sinonjs/samsam": "^6.0.2",
				"diff": "^5.0.0",
				"nise": "^5.1.0",
				"supports-color": "^7.2.0"
			}
		},
		"sinon-chai": {
			"version": "3.7.0",
			"resolved": "https://registry.npmjs.org/sinon-chai/-/sinon-chai-3.7.0.tgz",
			"integrity": "sha512-mf5NURdUaSdnatJx3uhoBOrY9dtL19fiOtAdT1Azxg3+lNJFiuN0uzaU3xX1LeAfL17kHQhTAJgpsfhbMJMY2g==",
			"dev": true
		},
		"supports-color": {
			"version": "7.2.0",
			"resolved": "https://registry.npmjs.org/supports-color/-/supports-color-7.2.0.tgz",
			"integrity": "sha512-qpCAvRl9stuOHveKsn7HncJRvv501qIacKzQlO/+Lwxc9+0q2wLyv4Dfvt80/DPn2pqOBsJdDiogXGR9+OvwRw==",
			"dev": true,
			"requires": {
				"has-flag": "^4.0.0"
			}
		},
		"type-detect": {
			"version": "4.0.8",
			"resolved": "https://registry.npmjs.org/type-detect/-/type-detect-4.0.8.tgz",
			"integrity": "sha512-0fr/mIH1dlO+x7TlcMy+bIDqKPsw/70tVyeHW787goQjhmqaZe10uwLujubK9q9Lg6Fiho1KUKDYz0Z7k7g5/g==",
			"dev": true
		},
		"ws": {
			"version": "7.4.6",
			"resolved": "https://registry.npmjs.org/ws/-/ws-7.4.6.tgz",
			"integrity": "sha512-YmhHDO4MzaDLB+M9ym/mDA5z0naX8j7SIlT8f8z+I0VtzsRbekxEutHSme7NPS2qE8StCYQNUnfWdXta/Yu85A=="
		}
	}
}
